
Microsoft Visual Studio Solution File, Format Version 12.00
# Visual Studio Version 17
VisualStudioVersion = 17.0.32014.148
MinimumVisualStudioVersion = 10.0.40219.1
Project("{FAE04EC0-301F-11D3-BF4B-00C04F79EFBC}") = "TokenConsoleApp", "TokenConsoleApp\TokenConsoleApp.csproj", "{0B5C6781-9BEF-46A9-934B-BB0B9BEA682D}"
EndProject
Global
	GlobalSection(SolutionConfigurationPlatforms) = preSolution
		Debug|Any CPU = Debug|Any CPU
		Release|Any CPU = Release|Any CPU
	EndGlobalSection
	GlobalSection(ProjectConfigurationPlatforms) = postSolution
		{0B5C6781-9BEF-46A9-934B-BB0B9BEA682D}.Debug|Any CPU.ActiveCfg = Debug|Any CPU
		{0B5C6781-9BEF-46A9-934B-BB0B9BEA682D}.Debug|Any CPU.Build.0 = Debug|Any CPU
		{0B5C6781-9BEF-46A9-934B-BB0B9BEA682D}.Release|Any CPU.ActiveCfg = Release|Any CPU
		{0B5C6781-9BEF-46A9-934B-BB0B9BEA682D}.Release|Any CPU.Build.0 = Release|Any CPU
	EndGlobalSection
	GlobalSection(SolutionProperties) = preSolution
		HideSolutionNode = FALSE
	EndGlobalSection
	GlobalSection(ExtensibilityGlobals) = postSolution
		SolutionGuid = {B3F7AF8C-7A7A-40B7-B66A-44DE8F1A1824}
	EndGlobalSection
EndGlobal
